# @generated - this file is auto-generated by `mise lock` https://mise.jdx.dev/dev-tools/mise-lock.html

[[tools.age]]
version = "1.3.2"
backend = "aqua:FiloSottile/age"

[tools.age."platforms.linux-arm64"]
checksum = "sha256:6b8dc4333c53a5a57c9e5834e3a48f92605d7154014cd07269ff3327db5d37f4"
url = "https://github.com/FiloSottile/age/releases/download/v1.3.2/age-v1.3.2-linux-arm64.tar.gz"
url_api = "https://api.github.com/repos/FiloSottile/age/releases/assets/535541932"
provenance = "github-attestations"

[tools.age."platforms.linux-arm64-musl"]
checksum = "sha256:6b8dc4333c53a5a57c9e5834e3a48f92605d7154014cd07269ff3327db5d37f4"
url = "https://github.com/FiloSottile/age/releases/download/v1.3.2/age-v1.3.2-linux-arm64.tar.gz"
url_api = "https://api.github.com/repos/FiloSottile/age/releases/assets/535541932"
provenance = "github-attestations"

[tools.age."platforms.linux-x64"]
checksum = "sha256:cbe24006683f8eb669266162894b9a522a1af52f2665fbc63a4bb032ed26ac10"
url = "https://github.com/FiloSottile/age/releases/download/v1.3.2/age-v1.3.2-linux-amd64.tar.gz"
url_api = "https://api.github.com/repos/FiloSottile/age/releases/assets/535541903"
provenance = "github-attestations"

[tools.age."platforms.linux-x64-musl"]
checksum = "sha256:cbe24006683f8eb669266162894b9a522a1af52f2665fbc63a4bb032ed26ac10"
url = "https://github.com/FiloSottile/age/releases/download/v1.3.2/age-v1.3.2-linux-amd64.tar.gz"
url_api = "https://api.github.com/repos/FiloSottile/age/releases/assets/535541903"
provenance = "github-attestations"

[tools.age."platforms.macos-arm64"]
checksum = "sha256:e2020b073c44f692685a24d6abc378817eb81ffaaf49fd0531ef8565f767f2f5"
url = "https://github.com/FiloSottile/age/releases/download/v1.3.2/age-v1.3.2-darwin-arm64.tar.gz"
url_api = "https://api.github.com/repos/FiloSottile/age/releases/assets/535541897"
provenance = "github-attestations"

[tools.age."platforms.macos-x64"]
checksum = "sha256:1d1e4bc66e1427edad7739ae7616157de0e79db8b6d2a1497d7d9925fb06a539"
url = "https://github.com/FiloSottile/age/releases/download/v1.3.2/age-v1.3.2-darwin-amd64.tar.gz"
url_api = "https://api.github.com/repos/FiloSottile/age/releases/assets/535541887"
provenance = "github-attestations"

[tools.age."platforms.windows-x64"]
checksum = "sha256:f48d8f8f9ebe903ab5027ed067652f2cc1db94bc206976430133b905dcd8e8c7"
url = "https://github.com/FiloSottile/age/releases/download/v1.3.2/age-v1.3.2-windows-amd64.zip"
url_api = "https://api.github.com/repos/FiloSottile/age/releases/assets/535541937"
provenance = "github-attestations"

[[tools.bitwarden-secrets-manager]]
version = "2.1.0"
backend = "aqua:bitwarden/sdk-sm"

[tools.bitwarden-secrets-manager."platforms.linux-arm64"]
checksum = "sha256:18253757286e119d450133a87eb463bf8c1ce418ce24c834f4f250d60cba6f9e"
url = "https://github.com/bitwarden/sdk-sm/releases/download/bws-v2.1.0/bws-aarch64-unknown-linux-gnu-2.1.0.zip"
url_api = "https://api.github.com/repos/bitwarden/sdk-sm/releases/assets/426507287"

[tools.bitwarden-secrets-manager."platforms.linux-arm64-musl"]
checksum = "sha256:18253757286e119d450133a87eb463bf8c1ce418ce24c834f4f250d60cba6f9e"
url = "https://github.com/bitwarden/sdk-sm/releases/download/bws-v2.1.0/bws-aarch64-unknown-linux-gnu-2.1.0.zip"
url_api = "https://api.github.com/repos/bitwarden/sdk-sm/releases/assets/426507287"

[tools.bitwarden-secrets-manager."platforms.linux-x64"]
checksum = "sha256:ba8233c3a4aee5d43e3c73bbd04d99e9bc5aba13bbbfd06d89b073abe732b860"
url = "https://github.com/bitwarden/sdk-sm/releases/download/bws-v2.1.0/bws-x86_64-unknown-linux-gnu-2.1.0.zip"
url_api = "https://api.github.com/repos/bitwarden/sdk-sm/releases/assets/426507282"

[tools.bitwarden-secrets-manager."platforms.linux-x64-musl"]
checksum = "sha256:ba8233c3a4aee5d43e3c73bbd04d99e9bc5aba13bbbfd06d89b073abe732b860"
url = "https://github.com/bitwarden/sdk-sm/releases/download/bws-v2.1.0/bws-x86_64-unknown-linux-gnu-2.1.0.zip"
url_api = "https://api.github.com/repos/bitwarden/sdk-sm/releases/assets/426507282"

[tools.bitwarden-secrets-manager."platforms.macos-arm64"]
checksum = "sha256:9cb1c1c6e6164d83b2e339883ba02b4cbb37188ce9a484b1ce8249443163e066"
url = "https://github.com/bitwarden/sdk-sm/releases/download/bws-v2.1.0/bws-aarch64-apple-darwin-2.1.0.zip"
url_api = "https://api.github.com/repos/bitwarden/sdk-sm/releases/assets/426507211"

[tools.bitwarden-secrets-manager."platforms.macos-x64"]
checksum = "sha256:6f626b3971368902af1b9847c02791a1b4666969d7561e2047681cded7997537"
url = "https://github.com/bitwarden/sdk-sm/releases/download/bws-v2.1.0/bws-x86_64-apple-darwin-2.1.0.zip"
url_api = "https://api.github.com/repos/bitwarden/sdk-sm/releases/assets/426507196"

[tools.bitwarden-secrets-manager."platforms.windows-x64"]
checksum = "sha256:8d6f2b51beb6f992b5b1de8b85a98bdf18de74096b724d17fa06219fc23f2bd5"
url = "https://github.com/bitwarden/sdk-sm/releases/download/bws-v2.1.0/bws-x86_64-pc-windows-msvc-2.1.0.zip"
url_api = "https://api.github.com/repos/bitwarden/sdk-sm/releases/assets/426507247"

[[tools.fnox]]
version = "1.39.0"
backend = "packslip:github.com/jdx/fnox"

[tools.fnox."platforms.linux-arm64"]
checksum = "sha256:491bc3630b704691dd3076e8e4b84a8ee5c6062d6068b88ce49289e3093ca121"
url = "https://github.com/jdx/fnox/releases/download/v1.39.0/fnox-aarch64-unknown-linux-gnu.tar.gz"
signer = "sigstore-oidc:https://github.com/jdx/fnox/.github/workflows/release.yml"

[tools.fnox."platforms.linux-arm64-musl"]
checksum = "sha256:a447c814a100c23cd150e9cbb093b860625f6171fcab30bb7779268bb4167fee"
url = "https://github.com/jdx/fnox/releases/download/v1.39.0/fnox-aarch64-unknown-linux-musl.tar.gz"
signer = "sigstore-oidc:https://github.com/jdx/fnox/.github/workflows/release.yml"

[tools.fnox."platforms.linux-x64"]
checksum = "sha256:0a623ed38907b9cb633d07593b4d19a4ba741a6a50d226eb243bd16f2f5ba81b"
url = "https://github.com/jdx/fnox/releases/download/v1.39.0/fnox-x86_64-unknown-linux-gnu.tar.gz"
signer = "sigstore-oidc:https://github.com/jdx/fnox/.github/workflows/release.yml"

[tools.fnox."platforms.linux-x64-musl"]
checksum = "sha256:08e8035fdedef8ce5318eb981ecb8ad81bda952a7c6ecdd97da3c5044d38979c"
url = "https://github.com/jdx/fnox/releases/download/v1.39.0/fnox-x86_64-unknown-linux-musl.tar.gz"
signer = "sigstore-oidc:https://github.com/jdx/fnox/.github/workflows/release.yml"

[tools.fnox."platforms.macos-arm64"]
checksum = "sha256:5604196e7a0aafb949251be1ae088bf0bb524edbfb45748d1be0cbc46e98b8f5"
url = "https://github.com/jdx/fnox/releases/download/v1.39.0/fnox-aarch64-apple-darwin.tar.gz"
signer = "sigstore-oidc:https://github.com/jdx/fnox/.github/workflows/release.yml"

[tools.fnox."platforms.macos-x64"]
checksum = "sha256:2234699eeb2495b63bb250229d2e44a5be61d44a13bc780018109b2a4350f2dd"
url = "https://github.com/jdx/fnox/releases/download/v1.39.0/fnox-x86_64-apple-darwin.tar.gz"
signer = "sigstore-oidc:https://github.com/jdx/fnox/.github/workflows/release.yml"

[tools.fnox."platforms.windows-x64"]
checksum = "sha256:6eff6a530b3267a29dba9d8da097d8d2b1d344513fe2b7dd4bbe10ee2bb69c40"
url = "https://github.com/jdx/fnox/releases/download/v1.39.0/fnox-x86_64-pc-windows-msvc.zip"
signer = "sigstore-oidc:https://github.com/jdx/fnox/.github/workflows/release.yml"

[[tools."github:home-operations/flate"]]
version = "0.6.5"
backend = "github:home-operations/flate"

[tools."github:home-operations/flate"."platforms.linux-arm64"]
checksum = "sha256:7f514814890df4a095887943ae606be1a8af878606b7bd0575efe75402cd38dc"
url = "https://github.com/home-operations/flate/releases/download/v0.6.5/flate_0.6.5_linux_arm64.tar.gz"
url_api = "https://api.github.com/repos/home-operations/flate/releases/assets/541337295"

[tools."github:home-operations/flate"."platforms.linux-arm64-musl"]
checksum = "sha256:7f514814890df4a095887943ae606be1a8af878606b7bd0575efe75402cd38dc"
url = "https://github.com/home-operations/flate/releases/download/v0.6.5/flate_0.6.5_linux_arm64.tar.gz"
url_api = "https://api.github.com/repos/home-operations/flate/releases/assets/541337295"

[tools."github:home-operations/flate"."platforms.linux-x64"]
checksum = "sha256:37eb0cd91a6752340754375743aa616c263cd8367ce594abd42ee955e1ec0099"
url = "https://github.com/home-operations/flate/releases/download/v0.6.5/flate_0.6.5_linux_amd64.tar.gz"
url_api = "https://api.github.com/repos/home-operations/flate/releases/assets/541337294"

[tools."github:home-operations/flate"."platforms.linux-x64-musl"]
checksum = "sha256:37eb0cd91a6752340754375743aa616c263cd8367ce594abd42ee955e1ec0099"
url = "https://github.com/home-operations/flate/releases/download/v0.6.5/flate_0.6.5_linux_amd64.tar.gz"
url_api = "https://api.github.com/repos/home-operations/flate/releases/assets/541337294"

[tools."github:home-operations/flate"."platforms.macos-arm64"]
checksum = "sha256:76274be5ef8b016e80ea0abf7b6f612adc76a89f7613d2e7f7e3550af5b9e186"
url = "https://github.com/home-operations/flate/releases/download/v0.6.5/flate_0.6.5_darwin_arm64.tar.gz"
url_api = "https://api.github.com/repos/home-operations/flate/releases/assets/541337298"

[tools."github:home-operations/flate"."platforms.macos-x64"]
checksum = "sha256:4b1dcefb4613b4c02f3374c8fc8d4082d42d893f4303daa16e24e37d58bccb78"
url = "https://github.com/home-operations/flate/releases/download/v0.6.5/flate_0.6.5_darwin_amd64.tar.gz"
url_api = "https://api.github.com/repos/home-operations/flate/releases/assets/541337300"

[tools."github:home-operations/flate"."platforms.windows-x64"]
checksum = "sha256:3fd13fa65907312ee77ebf96bb76554558cd8f63ab65c3026b643be2e7003118"
url = "https://github.com/home-operations/flate/releases/download/v0.6.5/flate_0.6.5_windows_amd64.zip"
url_api = "https://api.github.com/repos/home-operations/flate/releases/assets/541337344"

[[tools."github:home-operations/yamlls"]]
version = "0.3.2"
backend = "github:home-operations/yamlls"

[tools."github:home-operations/yamlls"."platforms.linux-arm64"]
checksum = "sha256:fc1399b8af2dc5fb11bb5b2c4c8ba35499766f3e5f2a5756d267d5ed77bb12fb"
url = "https://github.com/home-operations/yamlls/releases/download/0.3.2/yayamlls_0.3.2_linux_arm64.tar.gz"
url_api = "https://api.github.com/repos/home-operations/yamlls/releases/assets/593933784"

[tools."github:home-operations/yamlls"."platforms.linux-arm64-musl"]
checksum = "sha256:fc1399b8af2dc5fb11bb5b2c4c8ba35499766f3e5f2a5756d267d5ed77bb12fb"
url = "https://github.com/home-operations/yamlls/releases/download/0.3.2/yayamlls_0.3.2_linux_arm64.tar.gz"
url_api = "https://api.github.com/repos/home-operations/yamlls/releases/assets/593933784"

[tools."github:home-operations/yamlls"."platforms.linux-x64"]
checksum = "sha256:f6dfd7aa573e46a37a0595ff9139eab8f76eae9af179617a4fcb5d707ecb4fe3"
url = "https://github.com/home-operations/yamlls/releases/download/0.3.2/yayamlls_0.3.2_linux_amd64.tar.gz"
url_api = "https://api.github.com/repos/home-operations/yamlls/releases/assets/593933781"

[tools."github:home-operations/yamlls"."platforms.linux-x64-musl"]
checksum = "sha256:f6dfd7aa573e46a37a0595ff9139eab8f76eae9af179617a4fcb5d707ecb4fe3"
url = "https://github.com/home-operations/yamlls/releases/download/0.3.2/yayamlls_0.3.2_linux_amd64.tar.gz"
url_api = "https://api.github.com/repos/home-operations/yamlls/releases/assets/593933781"

[tools."github:home-operations/yamlls"."platforms.macos-arm64"]
checksum = "sha256:a13a9266bc084b3dd6248691e70b9fc6bf3c04ebdac0219a32c8ff6dcbdde331"
url = "https://github.com/home-operations/yamlls/releases/download/0.3.2/yayamlls_0.3.2_darwin_arm64.tar.gz"
url_api = "https://api.github.com/repos/home-operations/yamlls/releases/assets/593933783"

[tools."github:home-operations/yamlls"."platforms.macos-x64"]
checksum = "sha256:2532b3a6dc689a1594b93092a83946616504edc8685dd20e78151eb5e2c5153e"
url = "https://github.com/home-operations/yamlls/releases/download/0.3.2/yayamlls_0.3.2_darwin_amd64.tar.gz"
url_api = "https://api.github.com/repos/home-operations/yamlls/releases/assets/593933785"

[tools."github:home-operations/yamlls"."platforms.windows-x64"]
checksum = "sha256:1a0bc8c08f953c31c5a898c9a8f24a50ecebd94a1211798eae80f6b7e6a73ba6"
url = "https://github.com/home-operations/yamlls/releases/download/0.3.2/yayamlls_0.3.2_windows_amd64.zip"
url_api = "https://api.github.com/repos/home-operations/yamlls/releases/assets/593933847"

[[tools.k3sup]]
version = "0.13.13"
backend = "aqua:alexellis/k3sup"

[tools.k3sup."platforms.linux-arm64"]
checksum = "sha256:0d3d5894dda1013943cfbfc443580d973402972ebda36a42365cf8b67aa22ea5"
url = "https://github.com/alexellis/k3sup/releases/download/0.13.13/k3sup-arm64"
url_api = "https://api.github.com/repos/alexellis/k3sup/releases/assets/542331564"

[tools.k3sup."platforms.linux-arm64-musl"]
checksum = "sha256:0d3d5894dda1013943cfbfc443580d973402972ebda36a42365cf8b67aa22ea5"
url = "https://github.com/alexellis/k3sup/releases/download/0.13.13/k3sup-arm64"
url_api = "https://api.github.com/repos/alexellis/k3sup/releases/assets/542331564"

[tools.k3sup."platforms.linux-x64"]
checksum = "sha256:7f2db0cf4c28d413bc094aa2e1a809bd772875486f385bd57dd2d7575e7c7509"
url = "https://github.com/alexellis/k3sup/releases/download/0.13.13/k3sup"
url_api = "https://api.github.com/repos/alexellis/k3sup/releases/assets/542331545"

[tools.k3sup."platforms.linux-x64-musl"]
checksum = "sha256:7f2db0cf4c28d413bc094aa2e1a809bd772875486f385bd57dd2d7575e7c7509"
url = "https://github.com/alexellis/k3sup/releases/download/0.13.13/k3sup"
url_api = "https://api.github.com/repos/alexellis/k3sup/releases/assets/542331545"

[tools.k3sup."platforms.macos-arm64"]
checksum = "sha256:e25fe8461b296d2f677e8ff1e5ca2380d59acbf75c25e571e1f60b7382262784"
url = "https://github.com/alexellis/k3sup/releases/download/0.13.13/k3sup-darwin-arm64"
url_api = "https://api.github.com/repos/alexellis/k3sup/releases/assets/542331626"

[tools.k3sup."platforms.macos-x64"]
checksum = "sha256:b7120a217264b5a6465457733599bacb5d8dc55da08362c50c01efcf641d297a"
url = "https://github.com/alexellis/k3sup/releases/download/0.13.13/k3sup-darwin"
url_api = "https://api.github.com/repos/alexellis/k3sup/releases/assets/542331618"

[tools.k3sup."platforms.windows-x64"]
checksum = "sha256:6a2d1c5f9e7529b0e6291bde7ff2d082304e8e51e8833902d44ee9037353c5e3"
url = "https://github.com/alexellis/k3sup/releases/download/0.13.13/k3sup.exe"
url_api = "https://api.github.com/repos/alexellis/k3sup/releases/assets/542331648"

[[tools.oxfmt]]
version = "0.72.0"
aube = { path = ".mise/locks/oxfmt/0.71.0", digest = "sha256:2b7bfb8c20b448ab9b5549e2e0a43049a897d50d995103408bbba2b0add2bcf0" }
backend = "npm:oxfmt"
